Microsoft Visual Studio Solution File, Format Version 12.00
# Visual Studio Version 17
VisualStudioVersion = 17.5.2.0
MinimumVisualStudioVersion = 10.0.40219.1
Project("{2150E333-8FDC-42A3-9474-1A3956D46DE8}") = "Ceng382_Week1", "Ceng382_Week1", "{A07B95D4-F2A8-A779-19C9-F777EF0A8CAD}"
EndProject
Project("{FAE04EC0-301F-11D3-BF4B-00C04F79EFBC}") = "lab3", "Ceng382_Week1\lab3\lab3.csproj", "{C3A0B4F2-2118-A83A-4FF8-975933FEB0A9}"
EndProject
Global
	GlobalSection(SolutionConfigurationPlatforms) = preSolution
		Debug|Any CPU = Debug|Any CPU
		Release|Any CPU = Release|Any CPU
	EndGlobalSection
	GlobalSection(ProjectConfigurationPlatforms) = postSolution
		{C3A0B4F2-2118-A83A-4FF8-975933FEB0A9}.Debug|Any CPU.ActiveCfg = Debug|Any CPU
		{C3A0B4F2-2118-A83A-4FF8-975933FEB0A9}.Debug|Any CPU.Build.0 = Debug|Any CPU
		{C3A0B4F2-2118-A83A-4FF8-975933FEB0A9}.Release|Any CPU.ActiveCfg = Release|Any CPU
		{C3A0B4F2-2118-A83A-4FF8-975933FEB0A9}.Release|Any CPU.Build.0 = Release|Any CPU
	EndGlobalSection
	GlobalSection(SolutionProperties) = preSolution
		HideSolutionNode = FALSE
	EndGlobalSection
	GlobalSection(NestedProjects) = preSolution
		{C3A0B4F2-2118-A83A-4FF8-975933FEB0A9} = {A07B95D4-F2A8-A779-19C9-F777EF0A8CAD}
	EndGlobalSection
	GlobalSection(ExtensibilityGlobals) = postSolution
		SolutionGuid = {416BD545-A26D-4EFD-A717-822F1CC2F596}
	EndGlobalSection
EndGlobal
